
Microsoft Visual Studio Solution File, Format Version 11.00
# Visual Studio 2010
Project("{2150E333-8FDC-42A3-9474-1A3956D46DE8}") = ".nuget", ".nuget", "{FD6D77B2-4D76-49E9-999D-7B1D9F33F959}"
	ProjectSection(SolutionItems) = preProject
		.nuget\NuGet.Config = .nuget\NuGet.Config
		.nuget\NuGet.exe = .nuget\NuGet.exe
		.nuget\NuGet.targets = .nuget\NuGet.targets
		.nuget\packages.config = .nuget\packages.config
	EndProjectSection
EndProject
Project("{FAE04EC0-301F-11D3-BF4B-00C04F79EFBC}") = "Alstom.Model", "Alstom.Model\Alstom.Model.csproj", "{621BB1A3-B7B7-4910-ABDB-9E84D38135A9}"
EndProject
Project("{FAE04EC0-301F-11D3-BF4B-00C04F79EFBC}") = "Alstom.Configuration", "Alstom.Configuration\Alstom.Configuration.csproj", "{59494B73-E19B-4B41-8A7B-BCB5623A9C6F}"
EndProject
Project("{FAE04EC0-301F-11D3-BF4B-00C04F79EFBC}") = "Alstom.Repository", "Alstom.Repository\Alstom.Repository.csproj", "{B8A16A45-F98C-4B24-A6CE-2AAF1D436DD5}"
EndProject
Project("{FAE04EC0-301F-11D3-BF4B-00C04F79EFBC}") = "Alstom.Service", "Alstom.Service\Alstom.Service.csproj", "{56C432C8-FE9C-43F2-896A-8CC240A5BE5B}"
EndProject
Project("{FAE04EC0-301F-11D3-BF4B-00C04F79EFBC}") = "Alstom.Test", "Alstom.Test\Alstom.Test.csproj", "{8341868F-0654-48D5-806E-40376E09B2B5}"
EndProject
Project("{2150E333-8FDC-42A3-9474-1A3956D46DE8}") = "Solution Items", "Solution Items", "{DA72D753-7D58-4796-A127-861E0DD6FB95}"
	ProjectSection(SolutionItems) = preProject
		Alstom.vsmdi = Alstom.vsmdi
		Local.testsettings = Local.testsettings
		TraceAndTestImpact.testsettings = TraceAndTestImpact.testsettings
	EndProjectSection
EndProject
Global
	GlobalSection(TestCaseManagementSettings) = postSolution
		CategoryFile = Alstom.vsmdi
	EndGlobalSection
	GlobalSection(SolutionConfigurationPlatforms) = preSolution
		Debug|Any CPU = Debug|Any CPU
		Debug|Mixed Platforms = Debug|Mixed Platforms
		Debug|x86 = Debug|x86
		Release|Any CPU = Release|Any CPU
		Release|Mixed Platforms = Release|Mixed Platforms
		Release|x86 = Release|x86
	EndGlobalSection
	GlobalSection(ProjectConfigurationPlatforms) = postSolution
		{621BB1A3-B7B7-4910-ABDB-9E84D38135A9}.Debug|Any CPU.ActiveCfg = Debug|Any CPU
		{621BB1A3-B7B7-4910-ABDB-9E84D38135A9}.Debug|Any CPU.Build.0 = Debug|Any CPU
		{621BB1A3-B7B7-4910-ABDB-9E84D38135A9}.Debug|Mixed Platforms.ActiveCfg = Debug|Any CPU
		{621BB1A3-B7B7-4910-ABDB-9E84D38135A9}.Debug|Mixed Platforms.Build.0 = Debug|Any CPU
		{621BB1A3-B7B7-4910-ABDB-9E84D38135A9}.Debug|x86.ActiveCfg = Debug|Any CPU
		{621BB1A3-B7B7-4910-ABDB-9E84D38135A9}.Release|Any CPU.ActiveCfg = Release|Any CPU
		{621BB1A3-B7B7-4910-ABDB-9E84D38135A9}.Release|Any CPU.Build.0 = Release|Any CPU
		{621BB1A3-B7B7-4910-ABDB-9E84D38135A9}.Release|Mixed Platforms.ActiveCfg = Release|Any CPU
		{621BB1A3-B7B7-4910-ABDB-9E84D38135A9}.Release|Mixed Platforms.Build.0 = Release|Any CPU
		{621BB1A3-B7B7-4910-ABDB-9E84D38135A9}.Release|x86.ActiveCfg = Release|Any CPU
		{59494B73-E19B-4B41-8A7B-BCB5623A9C6F}.Debug|Any CPU.ActiveCfg = Debug|Any CPU
		{59494B73-E19B-4B41-8A7B-BCB5623A9C6F}.Debug|Any CPU.Build.0 = Debug|Any CPU
		{59494B73-E19B-4B41-8A7B-BCB5623A9C6F}.Debug|Mixed Platforms.ActiveCfg = Debug|Any CPU
		{59494B73-E19B-4B41-8A7B-BCB5623A9C6F}.Debug|Mixed Platforms.Build.0 = Debug|Any CPU
		{59494B73-E19B-4B41-8A7B-BCB5623A9C6F}.Debug|x86.ActiveCfg = Debug|Any CPU
		{59494B73-E19B-4B41-8A7B-BCB5623A9C6F}.Release|Any CPU.ActiveCfg = Release|Any CPU
		{59494B73-E19B-4B41-8A7B-BCB5623A9C6F}.Release|Any CPU.Build.0 = Release|Any CPU
		{59494B73-E19B-4B41-8A7B-BCB5623A9C6F}.Release|Mixed Platforms.ActiveCfg = Release|Any CPU
		{59494B73-E19B-4B41-8A7B-BCB5623A9C6F}.Release|Mixed Platforms.Build.0 = Release|Any CPU
		{59494B73-E19B-4B41-8A7B-BCB5623A9C6F}.Release|x86.ActiveCfg = Release|Any CPU
		{B8A16A45-F98C-4B24-A6CE-2AAF1D436DD5}.Debug|Any CPU.ActiveCfg = Debug|Any CPU
		{B8A16A45-F98C-4B24-A6CE-2AAF1D436DD5}.Debug|Any CPU.Build.0 = Debug|Any CPU
		{B8A16A45-F98C-4B24-A6CE-2AAF1D436DD5}.Debug|Mixed Platforms.ActiveCfg = Debug|Any CPU
		{B8A16A45-F98C-4B24-A6CE-2AAF1D436DD5}.Debug|Mixed Platforms.Build.0 = Debug|Any CPU
		{B8A16A45-F98C-4B24-A6CE-2AAF1D436DD5}.Debug|x86.ActiveCfg = Debug|Any CPU
		{B8A16A45-F98C-4B24-A6CE-2AAF1D436DD5}.Release|Any CPU.ActiveCfg = Release|Any CPU
		{B8A16A45-F98C-4B24-A6CE-2AAF1D436DD5}.Release|Any CPU.Build.0 = Release|Any CPU
		{B8A16A45-F98C-4B24-A6CE-2AAF1D436DD5}.Release|Mixed Platforms.ActiveCfg = Release|Any CPU
		{B8A16A45-F98C-4B24-A6CE-2AAF1D436DD5}.Release|Mixed Platforms.Build.0 = Release|Any CPU
		{B8A16A45-F98C-4B24-A6CE-2AAF1D436DD5}.Release|x86.ActiveCfg = Release|Any CPU
		{56C432C8-FE9C-43F2-896A-8CC240A5BE5B}.Debug|Any CPU.ActiveCfg = Debug|Any CPU
		{56C432C8-FE9C-43F2-896A-8CC240A5BE5B}.Debug|Any CPU.Build.0 = Debug|Any CPU
		{56C432C8-FE9C-43F2-896A-8CC240A5BE5B}.Debug|Mixed Platforms.ActiveCfg = Debug|Any CPU
		{56C432C8-FE9C-43F2-896A-8CC240A5BE5B}.Debug|Mixed Platforms.Build.0 = Debug|Any CPU
		{56C432C8-FE9C-43F2-896A-8CC240A5BE5B}.Debug|x86.ActiveCfg = Debug|Any CPU
		{56C432C8-FE9C-43F2-896A-8CC240A5BE5B}.Release|Any CPU.ActiveCfg = Release|Any CPU
		{56C432C8-FE9C-43F2-896A-8CC240A5BE5B}.Release|Any CPU.Build.0 = Release|Any CPU
		{56C432C8-FE9C-43F2-896A-8CC240A5BE5B}.Release|Mixed Platforms.ActiveCfg = Release|Any CPU
		{56C432C8-FE9C-43F2-896A-8CC240A5BE5B}.Release|Mixed Platforms.Build.0 = Release|Any CPU
		{56C432C8-FE9C-43F2-896A-8CC240A5BE5B}.Release|x86.ActiveCfg = Release|Any CPU
		{8341868F-0654-48D5-806E-40376E09B2B5}.Debug|Any CPU.ActiveCfg = Debug|Any CPU
		{8341868F-0654-48D5-806E-40376E09B2B5}.Debug|Any CPU.Build.0 = Debug|Any CPU
		{8341868F-0654-48D5-806E-40376E09B2B5}.Debug|Mixed Platforms.ActiveCfg = Debug|Any CPU
		{8341868F-0654-48D5-806E-40376E09B2B5}.Debug|Mixed Platforms.Build.0 = Debug|Any CPU
		{8341868F-0654-48D5-806E-40376E09B2B5}.Debug|x86.ActiveCfg = Debug|Any CPU
		{8341868F-0654-48D5-806E-40376E09B2B5}.Release|Any CPU.ActiveCfg = Release|Any CPU
		{8341868F-0654-48D5-806E-40376E09B2B5}.Release|Any CPU.Build.0 = Release|Any CPU
		{8341868F-0654-48D5-806E-40376E09B2B5}.Release|Mixed Platforms.ActiveCfg = Release|Any CPU
		{8341868F-0654-48D5-806E-40376E09B2B5}.Release|Mixed Platforms.Build.0 = Release|Any CPU
		{8341868F-0654-48D5-806E-40376E09B2B5}.Release|x86.ActiveCfg = Release|Any CPU
	EndGlobalSection
	GlobalSection(SolutionProperties) = preSolution
		HideSolutionNode = FALSE
	EndGlobalSection
EndGlobal
